
Microsoft Visual Studio Solution File, Format Version 12.00
# Visual Studio Version 16
VisualStudioVersion = 16.0.30611.23
MinimumVisualStudioVersion = 10.0.40219.1
Project("{FAE04EC0-301F-11D3-BF4B-00C04F79EFBC}") = "Fiap.GrupoG.Mongo", "src\Fiap.GrupoG.Mongo\Fiap.GrupoG.Mongo.csproj", "{6AAC52C7-BC20-4208-951F-00B228C30073}"
EndProject
Project("{FAE04EC0-301F-11D3-BF4B-00C04F79EFBC}") = "Fiap.GrupoG.Jobs", "src\Fiap.GrupoG.Jobs\Fiap.GrupoG.Jobs.csproj", "{38C06508-B4EC-493E-9384-929ACD503505}"
EndProject
Global
	GlobalSection(SolutionConfigurationPlatforms) = preSolution
		Debug|Any CPU = Debug|Any CPU
		Release|Any CPU = Release|Any CPU
	EndGlobalSection
	GlobalSection(ProjectConfigurationPlatforms) = postSolution
		{2D5169AB-A667-4A77-9A0A-72F4608F89D6}.Debug|Any CPU.ActiveCfg = Debug|Any CPU
		{2D5169AB-A667-4A77-9A0A-72F4608F89D6}.Debug|Any CPU.Build.0 = Debug|Any CPU
		{2D5169AB-A667-4A77-9A0A-72F4608F89D6}.Release|Any CPU.ActiveCfg = Release|Any CPU
		{2D5169AB-A667-4A77-9A0A-72F4608F89D6}.Release|Any CPU.Build.0 = Release|Any CPU
		{6AAC52C7-BC20-4208-951F-00B228C30073}.Debug|Any CPU.ActiveCfg = Debug|Any CPU
		{6AAC52C7-BC20-4208-951F-00B228C30073}.Debug|Any CPU.Build.0 = Debug|Any CPU
		{6AAC52C7-BC20-4208-951F-00B228C30073}.Release|Any CPU.ActiveCfg = Release|Any CPU
		{6AAC52C7-BC20-4208-951F-00B228C30073}.Release|Any CPU.Build.0 = Release|Any CPU
		{38C06508-B4EC-493E-9384-929ACD503505}.Debug|Any CPU.ActiveCfg = Debug|Any CPU
		{38C06508-B4EC-493E-9384-929ACD503505}.Debug|Any CPU.Build.0 = Debug|Any CPU
		{38C06508-B4EC-493E-9384-929ACD503505}.Release|Any CPU.ActiveCfg = Release|Any CPU
		{38C06508-B4EC-493E-9384-929ACD503505}.Release|Any CPU.Build.0 = Release|Any CPU
	EndGlobalSection
	GlobalSection(SolutionProperties) = preSolution
		HideSolutionNode = FALSE
	EndGlobalSection
	GlobalSection(ExtensibilityGlobals) = postSolution
		SolutionGuid = {FEB80062-6C7F-4CB8-9823-49D4ED061D9B}
	EndGlobalSection
EndGlobal
